{
  "name": "andrii-kot-configs",
  "lockfileVersion": 3,
  "requires": true,
  "packages": {
    "": {
      "name": "andrii-kot-configs",
      "workspaces": [
        "packages/*"
      ],
      "devDependencies": {
        "prettier": "^3.8.4"
      }
    },
    "node_modules/@andrii-kot/prettier-config": {
      "resolved": "packages/prettier-config",
      "link": true
    },
    "node_modules/prettier": {
      "version": "3.8.4",
      "resolved": "https://registry.npmjs.org/prettier/-/prettier-3.8.4.tgz",
      "integrity": "sha512-N2MylSdi48+5N/6S5j+maeHbUSIzzZ5uOcX5Hm4QpV8Dkb1HFjfAKTKX6yNPJQD9AhcT3ifHNB66tWTTJDi11Q==",
      "license": "MIT",
      "bin": {
        "prettier": "bin/prettier.cjs"
      },
      "engines": {
        "node": ">=14"
      },
      "funding": {
        "url": "https://github.com/prettier/prettier?sponsor=1"
      }
    },
    "packages/prettier-config": {
      "name": "@andrii-kot/prettier-config",
      "version": "1.0.7",
      "license": "MIT",
      "engines": {
        "node": ">= 18"
      },
      "peerDependencies": {
        "prettier": "^3.0.0"
      }
    }
  }
}
